
Microsoft Visual Studio Solution File, Format Version 12.00
# Visual Studio Version 17
VisualStudioVersion = 17.14.36518.9 d17.14
MinimumVisualStudioVersion = 10.0.40219.1
Project("{FAE04EC0-301F-11D3-BF4B-00C04F79EFBC}") = "EntregableI.Calculadora", "EntregableI.Calculadora\EntregableI.Calculadora.csproj", "{DEA513A7-E8CB-4B70-9064-1DBFC04C1229}"
EndProject
Global
	GlobalSection(SolutionConfigurationPlatforms) = preSolution
		Debug|Any CPU = Debug|Any CPU
		Release|Any CPU = Release|Any CPU
	EndGlobalSection
	GlobalSection(ProjectConfigurationPlatforms) = postSolution
		{DEA513A7-E8CB-4B70-9064-1DBFC04C1229}.Debug|Any CPU.ActiveCfg = Debug|Any CPU
		{DEA513A7-E8CB-4B70-9064-1DBFC04C1229}.Debug|Any CPU.Build.0 = Debug|Any CPU
		{DEA513A7-E8CB-4B70-9064-1DBFC04C1229}.Release|Any CPU.ActiveCfg = Release|Any CPU
		{DEA513A7-E8CB-4B70-9064-1DBFC04C1229}.Release|Any CPU.Build.0 = Release|Any CPU
	EndGlobalSection
	GlobalSection(SolutionProperties) = preSolution
		HideSolutionNode = FALSE
	EndGlobalSection
	GlobalSection(ExtensibilityGlobals) = postSolution
		SolutionGuid = {1558C197-0E00-4472-9F22-6F68A5A7502C}
	EndGlobalSection
EndGlobal
